<?xml version="1.0" encoding="utf-8"?>
<Project ToolsVersion="4.0" xmlns="http://schemas.microsoft.com/developer/msbuild/2003">
  <ItemGroup>
    <None Include="..\..\README.md" />
  </ItemGroup>
  <ItemGroup>
    <Filter Include="render_system">
      <UniqueIdentifier>{5c55bee6-fe74-4052-b428-8fcd50d33758}</UniqueIdentifier>
    </Filter>
    <Filter Include="render_system\dx11">
      <UniqueIdentifier>{a43b1fdc-8085-4ca8-b3a5-be29b26b2161}</UniqueIdentifier>
    </Filter>
  </ItemGroup>
  <ItemGroup>
    <ClCompile Include="renderer_public.h">
      <Filter>render_system</Filter>
    </ClCompile>
  </ItemGroup>
</Project>