<?xml version="1.0" encoding="utf-8"?>
<Project ToolsVersion="4.0" xmlns="http://schemas.microsoft.com/developer/msbuild/2003">
  <ItemGroup>
    <None Include="..\..\README.md" />
  </ItemGroup>
  <ItemGroup>
    <Filter Include="render_system">
      <UniqueIdentifier>{5c55bee6-fe74-4052-b428-8fcd50d33758}</UniqueIdentifier>
    </Filter>
    <Filter Include="render_system\dx11">
      <UniqueIdentifier>{a43b1fdc-8085-4ca8-b3a5-be29b26b2161}</UniqueIdentifier>
    </Filter>
  </ItemGroup>
  <ItemGroup>
    <ClInclude Include="platform.h" />
    <ClInclude Include="rs_renderer_public.h">
      <Filter>render_system</Filter>
    </ClInclude>
    <ClInclude Include="rs_buffer_public.h">
      <Filter>render_system</Filter>
    </ClInclude>
    <ClInclude Include="rs_texture_public.h">
      <Filter>render_system</Filter>
    </ClInclude>
    <ClInclude Include="rs_shader_public.h">
      <Filter>render_system</Filter>
    </ClInclude>
    <ClInclude Include="rs_renderer_dx11.h">
      <Filter>render_system\dx11</Filter>
    </ClInclude>
    <ClInclude Include="rs_buffer_dx11.h">
      <Filter>render_system\dx11</Filter>
    </ClInclude>
    <ClInclude Include="rs_texture_dx11.h">
      <Filter>render_system\dx11</Filter>
    </ClInclude>
    <ClInclude Include="rs_shader_dx11.h">
      <Filter>render_system\dx11</Filter>
    </ClInclude>
    <ClInclude Include="rs_window_public.h">
      <Filter>render_system</Filter>
    </ClInclude>
    <ClInclude Include="rs_window_dx11.h">
      <Filter>render_system\dx11</Filter>
    </ClInclude>
    <ClInclude Include="engine_public.h" />
    <ClInclude Include="rs_rt_public.h">
      <Filter>render_system</Filter>
    </ClInclude>
    <ClInclude Include="rs_rt_dx11.h">
      <Filter>render_system\dx11</Filter>
    </ClInclude>
    <ClInclude Include="color.h" />
  </ItemGroup>
  <ItemGroup>
    <ClCompile Include="rs_renderer_dx11.cpp">
      <Filter>render_system\dx11</Filter>
    </ClCompile>
    <ClCompile Include="rs_buffer_dx11.cpp">
      <Filter>render_system\dx11</Filter>
    </ClCompile>
    <ClCompile Include="rs_window_dx11.cpp">
      <Filter>render_system\dx11</Filter>
    </ClCompile>
    <ClCompile Include="engine.h" />
    <ClCompile Include="engine.cpp" />
    <ClCompile Include="rs_rt_dx11.cpp">
      <Filter>render_system\dx11</Filter>
    </ClCompile>
  </ItemGroup>
</Project>