<?xml version="1.0" encoding="utf-8"?>
<Project ToolsVersion="4.0" xmlns="http://schemas.microsoft.com/developer/msbuild/2003">
  <ItemGroup>
    <Filter Include="Interace">
      <UniqueIdentifier>{4c9adaab-a9b0-4e37-8ebe-2006a5bc2e6d}</UniqueIdentifier>
    </Filter>
  </ItemGroup>
  <ItemGroup>
    <ClInclude Include="engine_public.h">
      <Filter>Interace</Filter>
    </ClInclude>
    <ClInclude Include="platform.h">
      <Filter>Interace</Filter>
    </ClInclude>
    <ClInclude Include="scene_public.h">
      <Filter>Interace</Filter>
    </ClInclude>
  </ItemGroup>
  <ItemGroup>
    <None Include="..\..\README.md" />
  </ItemGroup>
</Project>